// !$*UTF8*$!
{
	archiveVersion = 1;
	classes = {
	};
	objectVersion = 56;
	objects = {

/* Begin PBXBuildFile section */
		C3023B4B2EDC2D3200F4147B /* GenerateMenuBoardRequestModel.swift in Sources */ = {isa = PBXBuildFile; fileRef = C3023B4A2EDC2D3200F4147B /* GenerateMenuBoardRequestModel.swift */; };
		C3023B4D2EDC2E0F00F4147B /* GenerateMenuBoardRepository.swift in Sources */ = {isa = PBXBuildFile; fileRef = C3023B4C2EDC2E0F00F4147B /* GenerateMenuBoardRepository.swift */; };
		C3023B4F2EDC2F6F00F4147B /* CodeitEmptyResponse.swift in Sources */ = {isa = PBXBuildFile; fileRef = C3023B4E2EDC2F6F00F4147B /* CodeitEmptyResponse.swift */; };
		C3023B512EDC2FFE00F4147B /* GenerateMenuBoardRepositoryIMPL.swift in Sources */ = {isa = PBXBuildFile; fileRef = C3023B502EDC2FFE00F4147B /* GenerateMenuBoardRepositoryIMPL.swift */; };
		C3023B542EDC32DA00F4147B /* CreateMenuBoardUseCase.swift in Sources */ = {isa = PBXBuildFile; fileRef = C3023B532EDC32DA00F4147B /* CreateMenuBoardUseCase.swift */; };
		C31D83032EDEC598005E0AF6 /* QRCodeView.swift in Sources */ = {isa = PBXBuildFile; fileRef = C31D83022EDEC598005E0AF6 /* QRCodeView.swift */; };
		C31D830A2EDECE68005E0AF6 /* QRCodeViewModel.swift in Sources */ = {isa = PBXBuildFile; fileRef = C31D83092EDECE68005E0AF6 /* QRCodeViewModel.swift */; };
		C31D830D2EDED583005E0AF6 /* OverCurrentContextModifier.swift in Sources */ = {isa = PBXBuildFile; fileRef = C31D830C2EDED583005E0AF6 /* OverCurrentContextModifier.swift */; };
		C343B5A72ECDBE2500E18ED6 /* CreateStoreRequestModel.swift in Sources */ = {isa = PBXBuildFile; fileRef = C343B5A62ECDBE2500E18ED6 /* CreateStoreRequestModel.swift */; };
		C343B5B02ECE126300E18ED6 /* CreateStoreResponseModel.swift in Sources */ = {isa = PBXBuildFile; fileRef = C343B5AF2ECE126300E18ED6 /* CreateStoreResponseModel.swift */; };
		C343B5B22ECE131600E18ED6 /* StoreRepository.swift in Sources */ = {isa = PBXBuildFile; fileRef = C343B5B12ECE131600E18ED6 /* StoreRepository.swift */; };
		C343B5B42ECE133E00E18ED6 /* StoreRepositoryIMPL.swift in Sources */ = {isa = PBXBuildFile; fileRef = C343B5B32ECE133E00E18ED6 /* StoreRepositoryIMPL.swift */; };
		C343B5B72ECE13E600E18ED6 /* CreateStoreUseCase.swift in Sources */ = {isa = PBXBuildFile; fileRef = C343B5B62ECE13E600E18ED6 /* CreateStoreUseCase.swift */; };
		C343B5BD2ECE146700E18ED6 /* CreateStore.swift in Sources */ = {isa = PBXBuildFile; fileRef = C343B5BC2ECE146700E18ED6 /* CreateStore.swift */; };
		C343B5BF2ECE151000E18ED6 /* Date+Extensions.swift in Sources */ = {isa = PBXBuildFile; fileRef = C343B5BE2ECE151000E18ED6 /* Date+Extensions.swift */; };
		C343B5C22ECE16F800E18ED6 /* CreateStoreViewModel.swift in Sources */ = {isa = PBXBuildFile; fileRef = C343B5C12ECE16F800E18ED6 /* CreateStoreViewModel.swift */; };
		C343B5C42ECE170000E18ED6 /* CreateStoreView.swift in Sources */ = {isa = PBXBuildFile; fileRef = C343B5C32ECE170000E18ED6 /* CreateStoreView.swift */; };
		C343B5C62ECE187200E18ED6 /* String+Extension.swift in Sources */ = {isa = PBXBuildFile; fileRef = C343B5C52ECE187200E18ED6 /* String+Extension.swift */; };
		C343B5C92ECE1B3300E18ED6 /* TimeValidation.swift in Sources */ = {isa = PBXBuildFile; fileRef = C343B5C82ECE1B3300E18ED6 /* TimeValidation.swift */; };
		C343B5CB2ECE1D3200E18ED6 /* CustomNormalTextField.swift in Sources */ = {isa = PBXBuildFile; fileRef = C343B5CA2ECE1D3200E18ED6 /* CustomNormalTextField.swift */; };
		C343B5CE2ECE1D6400E18ED6 /* CustomTextFieldType.swift in Sources */ = {isa = PBXBuildFile; fileRef = C343B5CD2ECE1D6400E18ED6 /* CustomTextFieldType.swift */; };
		C343B5D22ECE26CA00E18ED6 /* Pretendard-Bold.otf in Resources */ = {isa = PBXBuildFile; fileRef = C343B5D12ECE26CA00E18ED6 /* Pretendard-Bold.otf */; };
		C343B5D42ECE26DD00E18ED6 /* Pretendard-Regular.otf in Resources */ = {isa = PBXBuildFile; fileRef = C343B5D32ECE26DD00E18ED6 /* Pretendard-Regular.otf */; };
		C343B5D62ECE26E600E18ED6 /* Pretendard-SemiBold.otf in Resources */ = {isa = PBXBuildFile; fileRef = C343B5D52ECE26E600E18ED6 /* Pretendard-SemiBold.otf */; };
		C343B5D82ECE26EC00E18ED6 /* Pretendard-Medium.otf in Resources */ = {isa = PBXBuildFile; fileRef = C343B5D72ECE26EC00E18ED6 /* Pretendard-Medium.otf */; };
		C343B5DB2ECE272800E18ED6 /* Font+Extensions.swift in Sources */ = {isa = PBXBuildFile; fileRef = C343B5DA2ECE272800E18ED6 /* Font+Extensions.swift */; };
		C343B5DD2ECE281D00E18ED6 /* CustomButton.swift in Sources */ = {isa = PBXBuildFile; fileRef = C343B5DC2ECE281D00E18ED6 /* CustomButton.swift */; };
		C343B5DF2ECE298800E18ED6 /* View+Extensions.swift in Sources */ = {isa = PBXBuildFile; fileRef = C343B5DE2ECE298800E18ED6 /* View+Extensions.swift */; };
		C343B5E12ECE29B200E18ED6 /* UIApplication+Extensions.swift in Sources */ = {isa = PBXBuildFile; fileRef = C343B5E02ECE29B200E18ED6 /* UIApplication+Extensions.swift */; };
		C343B5E32ECE2CFB00E18ED6 /* TimeInputView.swift in Sources */ = {isa = PBXBuildFile; fileRef = C343B5E22ECE2CFB00E18ED6 /* TimeInputView.swift */; };
		C343B5E62ECEDDA500E18ED6 /* Coordinator.swift in Sources */ = {isa = PBXBuildFile; fileRef = C343B5E52ECEDDA500E18ED6 /* Coordinator.swift */; };
		C343B5E82ECEDDBF00E18ED6 /* Destination.swift in Sources */ = {isa = PBXBuildFile; fileRef = C343B5E72ECEDDBF00E18ED6 /* Destination.swift */; };
		C343B5EC2ECEDE6500E18ED6 /* LoginView.swift in Sources */ = {isa = PBXBuildFile; fileRef = C343B5EB2ECEDE6500E18ED6 /* LoginView.swift */; };
		C343B5EF2ECEDF1A00E18ED6 /* SplashView.swift in Sources */ = {isa = PBXBuildFile; fileRef = C343B5EE2ECEDF1A00E18ED6 /* SplashView.swift */; };
		C343B5F12ECEDF2900E18ED6 /* SplashViewModel.swift in Sources */ = {isa = PBXBuildFile; fileRef = C343B5F02ECEDF2900E18ED6 /* SplashViewModel.swift */; };
		C343B5F42ECEE18300E18ED6 /* LoginUseCase.swift in Sources */ = {isa = PBXBuildFile; fileRef = C343B5F32ECEE18300E18ED6 /* LoginUseCase.swift */; };
		C343B5F62ECEE1B700E18ED6 /* AppContext.swift in Sources */ = {isa = PBXBuildFile; fileRef = C343B5F52ECEE1B700E18ED6 /* AppContext.swift */; };
		C343B5FB2ECEE22200E18ED6 /* EmptyResponse.swift in Sources */ = {isa = PBXBuildFile; fileRef = C343B5FA2ECEE22200E18ED6 /* EmptyResponse.swift */; };
		C343B5FF2ECEE42900E18ED6 /* CodeitAPI.swift in Sources */ = {isa = PBXBuildFile; fileRef = C343B5FE2ECEE42900E18ED6 /* CodeitAPI.swift */; };
		C343B6022ECEE43B00E18ED6 /* CodeitEndpoints.swift in Sources */ = {isa = PBXBuildFile; fileRef = C343B6012ECEE43B00E18ED6 /* CodeitEndpoints.swift */; };
		C343B6042ECEEA6700E18ED6 /* GetStoreResponseModel.swift in Sources */ = {isa = PBXBuildFile; fileRef = C343B6032ECEEA6700E18ED6 /* GetStoreResponseModel.swift */; };
		C343B6062ECEEAB600E18ED6 /* GetStore.swift in Sources */ = {isa = PBXBuildFile; fileRef = C343B6052ECEEAB600E18ED6 /* GetStore.swift */; };
		C343B6082ECEF2E800E18ED6 /* LoginViewModel.swift in Sources */ = {isa = PBXBuildFile; fileRef = C343B6072ECEF2E800E18ED6 /* LoginViewModel.swift */; };
		C38F5E502ED6BD5C00B749D7 /* MenuListResponseModel.swift in Sources */ = {isa = PBXBuildFile; fileRef = C38F5E4F2ED6BD5C00B749D7 /* MenuListResponseModel.swift */; };
		C38F5E522ED6C26100B749D7 /* MenuListRepository.swift in Sources */ = {isa = PBXBuildFile; fileRef = C38F5E512ED6C26100B749D7 /* MenuListRepository.swift */; };
		C38F5E542ED6C2FD00B749D7 /* MenuListRepositoryIMPL.swift in Sources */ = {isa = PBXBuildFile; fileRef = C38F5E532ED6C2FD00B749D7 /* MenuListRepositoryIMPL.swift */; };
		C38F5E572ED6CA8700B749D7 /* MenuList.swift in Sources */ = {isa = PBXBuildFile; fileRef = C38F5E562ED6CA8700B749D7 /* MenuList.swift */; };
		C38F5E5A2ED6D13700B749D7 /* GetAllMenuListUseCase.swift in Sources */ = {isa = PBXBuildFile; fileRef = C38F5E592ED6D13700B749D7 /* GetAllMenuListUseCase.swift */; };
		C38F5E5E2ED925CD00B749D7 /* MainView.swift in Sources */ = {isa = PBXBuildFile; fileRef = C38F5E5D2ED925CD00B749D7 /* MainView.swift */; };
		C38F5E602ED925D400B749D7 /* MainViewModel.swift in Sources */ = {isa = PBXBuildFile; fileRef = C38F5E5F2ED925D400B749D7 /* MainViewModel.swift */; };
		C38F5E622ED92EFD00B749D7 /* CreateMenuBoardView.swift in Sources */ = {isa = PBXBuildFile; fileRef = C38F5E612ED92EFD00B749D7 /* CreateMenuBoardView.swift */; };
		C38F5E642ED92F0400B749D7 /* CreateMenuBoardViewModel.swift in Sources */ = {isa = PBXBuildFile; fileRef = C38F5E632ED92F0400B749D7 /* CreateMenuBoardViewModel.swift */; };
		C38F5E662ED9319C00B749D7 /* MenuCardView.swift in Sources */ = {isa = PBXBuildFile; fileRef = C38F5E652ED9319C00B749D7 /* MenuCardView.swift */; };
		C38F5E682ED9386300B749D7 /* Collection+Extensions.swift in Sources */ = {isa = PBXBuildFile; fileRef = C38F5E672ED9386300B749D7 /* Collection+Extensions.swift */; };
		C38F5E6F2ED93F8600B749D7 /* GenerateMenu.swift in Sources */ = {isa = PBXBuildFile; fileRef = C38F5E6E2ED93F8600B749D7 /* GenerateMenu.swift */; };
		C38F5E712ED93FA800B749D7 /* GenerateMenuModel.swift in Sources */ = {isa = PBXBuildFile; fileRef = C38F5E702ED93FA800B749D7 /* GenerateMenuModel.swift */; };
		C38F5E742ED9446F00B749D7 /* AddMenuItemView.swift in Sources */ = {isa = PBXBuildFile; fileRef = C38F5E732ED9446F00B749D7 /* AddMenuItemView.swift */; };
		C38F5E762ED9447800B749D7 /* AddMenuItemViewModel.swift in Sources */ = {isa = PBXBuildFile; fileRef = C38F5E752ED9447800B749D7 /* AddMenuItemViewModel.swift */; };
		C3AC821A2EC6CC2F00DC3B9A /* GenerateMenuBoardCardView.swift in Sources */ = {isa = PBXBuildFile; fileRef = C3AC82192EC6CC2F00DC3B9A /* GenerateMenuBoardCardView.swift */; };
		C3B1F6A42ED52DC600D48A25 /* TopBarView.swift in Sources */ = {isa = PBXBuildFile; fileRef = C3B1F6A32ED52DC600D48A25 /* TopBarView.swift */; };
		C3B1F6A62ED5334200D48A25 /* CustomDialogView.swift in Sources */ = {isa = PBXBuildFile; fileRef = C3B1F6A52ED5334200D48A25 /* CustomDialogView.swift */; };
		C3B1F6A92ED58B5700D48A25 /* CustomProgressView.swift in Sources */ = {isa = PBXBuildFile; fileRef = C3B1F6A82ED58B5700D48A25 /* CustomProgressView.swift */; };
		C3D91AB42EC2D18100F3D9BC /* Generate_Menu_ImageApp.swift in Sources */ = {isa = PBXBuildFile; fileRef = C3D91AB32EC2D18100F3D9BC /* Generate_Menu_ImageApp.swift */; };
		C3D91AB82EC2D18300F3D9BC /* Assets.xcassets in Resources */ = {isa = PBXBuildFile; fileRef = C3D91AB72EC2D18300F3D9BC /* Assets.xcassets */; };
		C3D91ABB2EC2D18300F3D9BC /* Preview Assets.xcassets in Resources */ = {isa = PBXBuildFile; fileRef = C3D91ABA2EC2D18300F3D9BC /* Preview Assets.xcassets */; };
		C3D91AC22EC2D1A200F3D9BC /* .gitignore in Resources */ = {isa = PBXBuildFile; fileRef = C3D91AC12EC2D1A200F3D9BC /* .gitignore */; };
		C3D91ACA2EC2D55300F3D9BC /* Factory in Frameworks */ = {isa = PBXBuildFile; productRef = C3D91AC92EC2D55300F3D9BC /* Factory */; };
		C3D91ACC2EC2D55300F3D9BC /* FactoryKit in Frameworks */ = {isa = PBXBuildFile; productRef = C3D91ACB2EC2D55300F3D9BC /* FactoryKit */; };
		C3D91ACE2EC2D55300F3D9BC /* FactoryTesting in Frameworks */ = {isa = PBXBuildFile; productRef = C3D91ACD2EC2D55300F3D9BC /* FactoryTesting */; };
		C3D91AD12EC2D56700F3D9BC /* Alamofire in Frameworks */ = {isa = PBXBuildFile; productRef = C3D91AD02EC2D56700F3D9BC /* Alamofire */; };
		C3D91ADC2EC2D6C400F3D9BC /* EndPoint.swift in Sources */ = {isa = PBXBuildFile; fileRef = C3D91ADB2EC2D6C400F3D9BC /* EndPoint.swift */; };
		C3D91ADE2EC2D9B900F3D9BC /* MenuBoardView.swift in Sources */ = {isa = PBXBuildFile; fileRef = C3D91ADD2EC2D9B900F3D9BC /* MenuBoardView.swift */; };
		C3D91AE12EC2DBB600F3D9BC /* CustomNavigationController.swift in Sources */ = {isa = PBXBuildFile; fileRef = C3D91AE02EC2DBB600F3D9BC /* CustomNavigationController.swift */; };
		C3D91AE42EC2DC0200F3D9BC /* Color+Extensions.swift in Sources */ = {isa = PBXBuildFile; fileRef = C3D91AE32EC2DC0200F3D9BC /* Color+Extensions.swift */; };
		C3D91AE62EC2EEC800F3D9BC /* CodeItNetworkService.swift in Sources */ = {isa = PBXBuildFile; fileRef = C3D91AE52EC2EEC800F3D9BC /* CodeItNetworkService.swift */; };
		C3D91AE82EC2EF9000F3D9BC /* BaseNetworkservice.swift in Sources */ = {isa = PBXBuildFile; fileRef = C3D91AE72EC2EF9000F3D9BC /* BaseNetworkservice.swift */; };
		C3D91AEA2EC2EFB900F3D9BC /* ApiError.swift in Sources */ = {isa = PBXBuildFile; fileRef = C3D91AE92EC2EFB900F3D9BC /* ApiError.swift */; };
		C3D91AEC2EC2EFFB00F3D9BC /* MenuBoardNetworkError.swift in Sources */ = {isa = PBXBuildFile; fileRef = C3D91AEB2EC2EFFB00F3D9BC /* MenuBoardNetworkError.swift */; };
		C3D91AEF2EC2F02800F3D9BC /* NetworkError.swift in Sources */ = {isa = PBXBuildFile; fileRef = C3D91AEE2EC2F02800F3D9BC /* NetworkError.swift */; };
		C3D91AF22EC2F06600F3D9BC /* MenuBoardErrorResponse.swift in Sources */ = {isa = PBXBuildFile; fileRef = C3D91AF12EC2F06600F3D9BC /* MenuBoardErrorResponse.swift */; };
		C3D91AF72EC2F27E00F3D9BC /* MenuBoardResponseWrapper.swift in Sources */ = {isa = PBXBuildFile; fileRef = C3D91AF62EC2F27E00F3D9BC /* MenuBoardResponseWrapper.swift */; };
		C3D91AFB2EC2F32F00F3D9BC /* GenerateMenuResponseModel.swift in Sources */ = {isa = PBXBuildFile; fileRef = C3D91AFA2EC2F32F00F3D9BC /* GenerateMenuResponseModel.swift */; };
		C3D91B002EC2F5F700F3D9BC /* MenuBoardRepository.swift in Sources */ = {isa = PBXBuildFile; fileRef = C3D91AFF2EC2F5F700F3D9BC /* MenuBoardRepository.swift */; };
		C3D91B022EC2F6DF00F3D9BC /* MenuBoardRepositoryIMPL.swift in Sources */ = {isa = PBXBuildFile; fileRef = C3D91B012EC2F6DF00F3D9BC /* MenuBoardRepositoryIMPL.swift */; };
		C3D91B052EC2FF5F00F3D9BC /* GenerateMenuBoardUseCase.swift in Sources */ = {isa = PBXBuildFile; fileRef = C3D91B042EC2FF5F00F3D9BC /* GenerateMenuBoardUseCase.swift */; };
		C3D91B092EC2FFFF00F3D9BC /* GenerateMenuBoardRequestModel1.swift in Sources */ = {isa = PBXBuildFile; fileRef = C3D91B082EC2FFFF00F3D9BC /* GenerateMenuBoardRequestModel1.swift */; };
		C3D91B0B2EC3008E00F3D9BC /* Encodable+Extensions.swift in Sources */ = {isa = PBXBuildFile; fileRef = C3D91B0A2EC3008E00F3D9BC /* Encodable+Extensions.swift */; };
		C3D91B0E2EC3036B00F3D9BC /* DIContainer.swift in Sources */ = {isa = PBXBuildFile; fileRef = C3D91B0D2EC3036A00F3D9BC /* DIContainer.swift */; };
		C3D91B152EC30C2B00F3D9BC /* AppConfig.swift in Sources */ = {isa = PBXBuildFile; fileRef = C3D91B142EC30C2B00F3D9BC /* AppConfig.swift */; };
		C3D91B182EC30F2100F3D9BC /* MenuBoardViewModel.swift in Sources */ = {isa = PBXBuildFile; fileRef = C3D91B172EC30F2100F3D9BC /* MenuBoardViewModel.swift */; };
/* End PBXBuildFile section */

/* Begin PBXCopyFilesBuildPhase section */
		C38F5E4D2ED5923A00B749D7 /* Embed Frameworks */ = {
			isa = PBXCopyFilesBuildPhase;
			buildActionMask = 2147483647;
			dstPath = "";
			dstSubfolderSpec = 10;
			files = (
			);
			name = "Embed Frameworks";
			runOnlyForDeploymentPostprocessing = 0;
		};
/* End PBXCopyFilesBuildPhase section */

/* Begin PBXFileReference section */
		C3023B4A2EDC2D3200F4147B /* GenerateMenuBoardRequestModel.swift */ = {isa = PBXFileReference; lastKnownFileType = sourcecode.swift; path = GenerateMenuBoardRequestModel.swift; sourceTree = "<group>"; };
		C3023B4C2EDC2E0F00F4147B /* GenerateMenuBoardRepository.swift */ = {isa = PBXFileReference; lastKnownFileType = sourcecode.swift; path = GenerateMenuBoardRepository.swift; sourceTree = "<group>"; };
		C3023B4E2EDC2F6F00F4147B /* CodeitEmptyResponse.swift */ = {isa = PBXFileReference; lastKnownFileType = sourcecode.swift; path = CodeitEmptyResponse.swift; sourceTree = "<group>"; };
		C3023B502EDC2FFE00F4147B /* GenerateMenuBoardRepositoryIMPL.swift */ = {isa = PBXFileReference; lastKnownFileType = sourcecode.swift; path = GenerateMenuBoardRepositoryIMPL.swift; sourceTree = "<group>"; };
		C3023B532EDC32DA00F4147B /* CreateMenuBoardUseCase.swift */ = {isa = PBXFileReference; lastKnownFileType = sourcecode.swift; path = CreateMenuBoardUseCase.swift; sourceTree = "<group>"; };
		C31D83022EDEC598005E0AF6 /* QRCodeView.swift */ = {isa = PBXFileReference; lastKnownFileType = sourcecode.swift; path = QRCodeView.swift; sourceTree = "<group>"; };
		C31D83092EDECE68005E0AF6 /* QRCodeViewModel.swift */ = {isa = PBXFileReference; lastKnownFileType = sourcecode.swift; path = QRCodeViewModel.swift; sourceTree = "<group>"; };
		C31D830C2EDED583005E0AF6 /* OverCurrentContextModifier.swift */ = {isa = PBXFileReference; lastKnownFileType = sourcecode.swift; path = OverCurrentContextModifier.swift; sourceTree = "<group>"; };
		C343B5A62ECDBE2500E18ED6 /* CreateStoreRequestModel.swift */ = {isa = PBXFileReference; lastKnownFileType = sourcecode.swift; path = CreateStoreRequestModel.swift; sourceTree = "<group>"; };
		C343B5AF2ECE126300E18ED6 /* CreateStoreResponseModel.swift */ = {isa = PBXFileReference; lastKnownFileType = sourcecode.swift; path = CreateStoreResponseModel.swift; sourceTree = "<group>"; };
		C343B5B12ECE131600E18ED6 /* StoreRepository.swift */ = {isa = PBXFileReference; lastKnownFileType = sourcecode.swift; path = StoreRepository.swift; sourceTree = "<group>"; };
		C343B5B32ECE133E00E18ED6 /* StoreRepositoryIMPL.swift */ = {isa = PBXFileReference; lastKnownFileType = sourcecode.swift; path = StoreRepositoryIMPL.swift; sourceTree = "<group>"; };
		C343B5B62ECE13E600E18ED6 /* CreateStoreUseCase.swift */ = {isa = PBXFileReference; lastKnownFileType = sourcecode.swift; path = CreateStoreUseCase.swift; sourceTree = "<group>"; };
		C343B5BC2ECE146700E18ED6 /* CreateStore.swift */ = {isa = PBXFileReference; lastKnownFileType = sourcecode.swift; path = CreateStore.swift; sourceTree = "<group>"; };
		C343B5BE2ECE151000E18ED6 /* Date+Extensions.swift */ = {isa = PBXFileReference; lastKnownFileType = sourcecode.swift; path = "Date+Extensions.swift"; sourceTree = "<group>"; };
		C343B5C12ECE16F800E18ED6 /* CreateStoreViewModel.swift */ = {isa = PBXFileReference; lastKnownFileType = sourcecode.swift; path = CreateStoreViewModel.swift; sourceTree = "<group>"; };
		C343B5C32ECE170000E18ED6 /* CreateStoreView.swift */ = {isa = PBXFileReference; lastKnownFileType = sourcecode.swift; path = CreateStoreView.swift; sourceTree = "<group>"; };
		C343B5C52ECE187200E18ED6 /* String+Extension.swift */ = {isa = PBXFileReference; lastKnownFileType = sourcecode.swift; path = "String+Extension.swift"; sourceTree = "<group>"; };
		C343B5C82ECE1B3300E18ED6 /* TimeValidation.swift */ = {isa = PBXFileReference; lastKnownFileType = sourcecode.swift; path = TimeValidation.swift; sourceTree = "<group>"; };
		C343B5CA2ECE1D3200E18ED6 /* CustomNormalTextField.swift */ = {isa = PBXFileReference; lastKnownFileType = sourcecode.swift; path = CustomNormalTextField.swift; sourceTree = "<group>"; };
		C343B5CD2ECE1D6400E18ED6 /* CustomTextFieldType.swift */ = {isa = PBXFileReference; lastKnownFileType = sourcecode.swift; path = CustomTextFieldType.swift; sourceTree = "<group>"; };
		C343B5CF2ECE265400E18ED6 /* Generate-Menu-Image-Info.plist */ = {isa = PBXFileReference; lastKnownFileType = text.plist; path = "Generate-Menu-Image-Info.plist"; sourceTree = SOURCE_ROOT; };
		C343B5D12ECE26CA00E18ED6 /* Pretendard-Bold.otf */ = {isa = PBXFileReference; lastKnownFileType = file; path = "Pretendard-Bold.otf"; sourceTree = "<group>"; };
		C343B5D32ECE26DD00E18ED6 /* Pretendard-Regular.otf */ = {isa = PBXFileReference; lastKnownFileType = file; path = "Pretendard-Regular.otf"; sourceTree = "<group>"; };
		C343B5D52ECE26E600E18ED6 /* Pretendard-SemiBold.otf */ = {isa = PBXFileReference; lastKnownFileType = file; path = "Pretendard-SemiBold.otf"; sourceTree = "<group>"; };
		C343B5D72ECE26EC00E18ED6 /* Pretendard-Medium.otf */ = {isa = PBXFileReference; lastKnownFileType = file; path = "Pretendard-Medium.otf"; sourceTree = "<group>"; };
		C343B5DA2ECE272800E18ED6 /* Font+Extensions.swift */ = {isa = PBXFileReference; lastKnownFileType = sourcecode.swift; path = "Font+Extensions.swift"; sourceTree = "<group>"; };
		C343B5DC2ECE281D00E18ED6 /* CustomButton.swift */ = {isa = PBXFileReference; lastKnownFileType = sourcecode.swift; path = CustomButton.swift; sourceTree = "<group>"; };
		C343B5DE2ECE298800E18ED6 /* View+Extensions.swift */ = {isa = PBXFileReference; lastKnownFileType = sourcecode.swift; path = "View+Extensions.swift"; sourceTree = "<group>"; };
		C343B5E02ECE29B200E18ED6 /* UIApplication+Extensions.swift */ = {isa = PBXFileReference; lastKnownFileType = sourcecode.swift; path = "UIApplication+Extensions.swift"; sourceTree = "<group>"; };
		C343B5E22ECE2CFB00E18ED6 /* TimeInputView.swift */ = {isa = PBXFileReference; lastKnownFileType = sourcecode.swift; path = TimeInputView.swift; sourceTree = "<group>"; };
		C343B5E52ECEDDA500E18ED6 /* Coordinator.swift */ = {isa = PBXFileReference; lastKnownFileType = sourcecode.swift; path = Coordinator.swift; sourceTree = "<group>"; };
		C343B5E72ECEDDBF00E18ED6 /* Destination.swift */ = {isa = PBXFileReference; lastKnownFileType = sourcecode.swift; path = Destination.swift; sourceTree = "<group>"; };
		C343B5EB2ECEDE6500E18ED6 /* LoginView.swift */ = {isa = PBXFileReference; lastKnownFileType = sourcecode.swift; path = LoginView.swift; sourceTree = "<group>"; };
		C343B5EE2ECEDF1A00E18ED6 /* SplashView.swift */ = {isa = PBXFileReference; lastKnownFileType = sourcecode.swift; path = SplashView.swift; sourceTree = "<group>"; };
		C343B5F02ECEDF2900E18ED6 /* SplashViewModel.swift */ = {isa = PBXFileReference; lastKnownFileType = sourcecode.swift; path = SplashViewModel.swift; sourceTree = "<group>"; };
		C343B5F32ECEE18300E18ED6 /* LoginUseCase.swift */ = {isa = PBXFileReference; lastKnownFileType = sourcecode.swift; path = LoginUseCase.swift; sourceTree = "<group>"; };
		C343B5F52ECEE1B700E18ED6 /* AppContext.swift */ = {isa = PBXFileReference; lastKnownFileType = sourcecode.swift; path = AppContext.swift; sourceTree = "<group>"; };
		C343B5FA2ECEE22200E18ED6 /* EmptyResponse.swift */ = {isa = PBXFileReference; lastKnownFileType = sourcecode.swift; path = EmptyResponse.swift; sourceTree = "<group>"; };
		C343B5FE2ECEE42900E18ED6 /* CodeitAPI.swift */ = {isa = PBXFileReference; lastKnownFileType = sourcecode.swift; path = CodeitAPI.swift; sourceTree = "<group>"; };
		C343B6012ECEE43B00E18ED6 /* CodeitEndpoints.swift */ = {isa = PBXFileReference; lastKnownFileType = sourcecode.swift; path = CodeitEndpoints.swift; sourceTree = "<group>"; };
		C343B6032ECEEA6700E18ED6 /* GetStoreResponseModel.swift */ = {isa = PBXFileReference; lastKnownFileType = sourcecode.swift; path = GetStoreResponseModel.swift; sourceTree = "<group>"; };
		C343B6052ECEEAB600E18ED6 /* GetStore.swift */ = {isa = PBXFileReference; lastKnownFileType = sourcecode.swift; path = GetStore.swift; sourceTree = "<group>"; };
		C343B6072ECEF2E800E18ED6 /* LoginViewModel.swift */ = {isa = PBXFileReference; lastKnownFileType = sourcecode.swift; path = LoginViewModel.swift; sourceTree = "<group>"; };
		C38F5E4F2ED6BD5C00B749D7 /* MenuListResponseModel.swift */ = {isa = PBXFileReference; lastKnownFileType = sourcecode.swift; path = MenuListResponseModel.swift; sourceTree = "<group>"; };
		C38F5E512ED6C26100B749D7 /* MenuListRepository.swift */ = {isa = PBXFileReference; lastKnownFileType = sourcecode.swift; path = MenuListRepository.swift; sourceTree = "<group>"; };
		C38F5E532ED6C2FD00B749D7 /* MenuListRepositoryIMPL.swift */ = {isa = PBXFileReference; lastKnownFileType = sourcecode.swift; path = MenuListRepositoryIMPL.swift; sourceTree = "<group>"; };
		C38F5E562ED6CA8700B749D7 /* MenuList.swift */ = {isa = PBXFileReference; lastKnownFileType = sourcecode.swift; path = MenuList.swift; sourceTree = "<group>"; };
		C38F5E592ED6D13700B749D7 /* GetAllMenuListUseCase.swift */ = {isa = PBXFileReference; lastKnownFileType = sourcecode.swift; path = GetAllMenuListUseCase.swift; sourceTree = "<group>"; };
		C38F5E5D2ED925CD00B749D7 /* MainView.swift */ = {isa = PBXFileReference; lastKnownFileType = sourcecode.swift; path = MainView.swift; sourceTree = "<group>"; };
		C38F5E5F2ED925D400B749D7 /* MainViewModel.swift */ = {isa = PBXFileReference; lastKnownFileType = sourcecode.swift; path = MainViewModel.swift; sourceTree = "<group>"; };
		C38F5E612ED92EFD00B749D7 /* CreateMenuBoardView.swift */ = {isa = PBXFileReference; lastKnownFileType = sourcecode.swift; path = CreateMenuBoardView.swift; sourceTree = "<group>"; };
		C38F5E632ED92F0400B749D7 /* CreateMenuBoardViewModel.swift */ = {isa = PBXFileReference; lastKnownFileType = sourcecode.swift; path = CreateMenuBoardViewModel.swift; sourceTree = "<group>"; };
		C38F5E652ED9319C00B749D7 /* MenuCardView.swift */ = {isa = PBXFileReference; lastKnownFileType = sourcecode.swift; path = MenuCardView.swift; sourceTree = "<group>"; };
		C38F5E672ED9386300B749D7 /* Collection+Extensions.swift */ = {isa = PBXFileReference; lastKnownFileType = sourcecode.swift; path = "Collection+Extensions.swift"; sourceTree = "<group>"; };
		C38F5E6E2ED93F8600B749D7 /* GenerateMenu.swift */ = {isa = PBXFileReference; fileEncoding = 4; lastKnownFileType = sourcecode.swift; path = GenerateMenu.swift; sourceTree = "<group>"; };
		C38F5E702ED93FA800B749D7 /* GenerateMenuModel.swift */ = {isa = PBXFileReference; lastKnownFileType = sourcecode.swift; path = GenerateMenuModel.swift; sourceTree = "<group>"; };
		C38F5E732ED9446F00B749D7 /* AddMenuItemView.swift */ = {isa = PBXFileReference; lastKnownFileType = sourcecode.swift; path = AddMenuItemView.swift; sourceTree = "<group>"; };
		C38F5E752ED9447800B749D7 /* AddMenuItemViewModel.swift */ = {isa = PBXFileReference; lastKnownFileType = sourcecode.swift; path = AddMenuItemViewModel.swift; sourceTree = "<group>"; };
		C3AC82192EC6CC2F00DC3B9A /* GenerateMenuBoardCardView.swift */ = {isa = PBXFileReference; lastKnownFileType = sourcecode.swift; path = GenerateMenuBoardCardView.swift; sourceTree = "<group>"; };
		C3B1F6A32ED52DC600D48A25 /* TopBarView.swift */ = {isa = PBXFileReference; lastKnownFileType = sourcecode.swift; path = TopBarView.swift; sourceTree = "<group>"; };
		C3B1F6A52ED5334200D48A25 /* CustomDialogView.swift */ = {isa = PBXFileReference; lastKnownFileType = sourcecode.swift; path = CustomDialogView.swift; sourceTree = "<group>"; };
		C3B1F6A82ED58B5700D48A25 /* CustomProgressView.swift */ = {isa = PBXFileReference; lastKnownFileType = sourcecode.swift; path = CustomProgressView.swift; sourceTree = "<group>"; };
		C3D91AB02EC2D18000F3D9BC /* Generate_Menu_Image.app */ = {isa = PBXFileReference; explicitFileType = wrapper.application; includeInIndex = 0; path = Generate_Menu_Image.app; sourceTree = BUILT_PRODUCTS_DIR; };
		C3D91AB32EC2D18100F3D9BC /* Generate_Menu_ImageApp.swift */ = {isa = PBXFileReference; lastKnownFileType = sourcecode.swift; path = Generate_Menu_ImageApp.swift; sourceTree = "<group>"; };
		C3D91AB72EC2D18300F3D9BC /* Assets.xcassets */ = {isa = PBXFileReference; lastKnownFileType = folder.assetcatalog; path = Assets.xcassets; sourceTree = "<group>"; };
		C3D91ABA2EC2D18300F3D9BC /* Preview Assets.xcassets */ = {isa = PBXFileReference; lastKnownFileType = folder.assetcatalog; path = "Preview Assets.xcassets"; sourceTree = "<group>"; };
		C3D91AC12EC2D1A200F3D9BC /* .gitignore */ = {isa = PBXFileReference; lastKnownFileType = text; path = .gitignore; sourceTree = "<group>"; };
		C3D91ADB2EC2D6C400F3D9BC /* EndPoint.swift */ = {isa = PBXFileReference; lastKnownFileType = sourcecode.swift; path = EndPoint.swift; sourceTree = "<group>"; };
		C3D91ADD2EC2D9B900F3D9BC /* MenuBoardView.swift */ = {isa = PBXFileReference; lastKnownFileType = sourcecode.swift; path = MenuBoardView.swift; sourceTree = "<group>"; };
		C3D91AE02EC2DBB600F3D9BC /* CustomNavigationController.swift */ = {isa = PBXFileReference; lastKnownFileType = sourcecode.swift; path = CustomNavigationController.swift; sourceTree = "<group>"; };
		C3D91AE32EC2DC0200F3D9BC /* Color+Extensions.swift */ = {isa = PBXFileReference; lastKnownFileType = sourcecode.swift; path = "Color+Extensions.swift"; sourceTree = "<group>"; };
		C3D91AE52EC2EEC800F3D9BC /* CodeItNetworkService.swift */ = {isa = PBXFileReference; lastKnownFileType = sourcecode.swift; path = CodeItNetworkService.swift; sourceTree = "<group>"; };
		C3D91AE72EC2EF9000F3D9BC /* BaseNetworkservice.swift */ = {isa = PBXFileReference; lastKnownFileType = sourcecode.swift; path = BaseNetworkservice.swift; sourceTree = "<group>"; };
		C3D91AE92EC2EFB900F3D9BC /* ApiError.swift */ = {isa = PBXFileReference; lastKnownFileType = sourcecode.swift; path = ApiError.swift; sourceTree = "<group>"; };
		C3D91AEB2EC2EFFB00F3D9BC /* MenuBoardNetworkError.swift */ = {isa = PBXFileReference; lastKnownFileType = sourcecode.swift; path = MenuBoardNetworkError.swift; sourceTree = "<group>"; };
		C3D91AEE2EC2F02800F3D9BC /* NetworkError.swift */ = {isa = PBXFileReference; lastKnownFileType = sourcecode.swift; path = NetworkError.swift; sourceTree = "<group>"; };
		C3D91AF12EC2F06600F3D9BC /* MenuBoardErrorResponse.swift */ = {isa = PBXFileReference; lastKnownFileType = sourcecode.swift; path = MenuBoardErrorResponse.swift; sourceTree = "<group>"; };
		C3D91AF62EC2F27E00F3D9BC /* MenuBoardResponseWrapper.swift */ = {isa = PBXFileReference; lastKnownFileType = sourcecode.swift; path = MenuBoardResponseWrapper.swift; sourceTree = "<group>"; };
		C3D91AFA2EC2F32F00F3D9BC /* GenerateMenuResponseModel.swift */ = {isa = PBXFileReference; lastKnownFileType = sourcecode.swift; path = GenerateMenuResponseModel.swift; sourceTree = "<group>"; };
		C3D91AFF2EC2F5F700F3D9BC /* MenuBoardRepository.swift */ = {isa = PBXFileReference; lastKnownFileType = sourcecode.swift; path = MenuBoardRepository.swift; sourceTree = "<group>"; };
		C3D91B012EC2F6DF00F3D9BC /* MenuBoardRepositoryIMPL.swift */ = {isa = PBXFileReference; lastKnownFileType = sourcecode.swift; path = MenuBoardRepositoryIMPL.swift; sourceTree = "<group>"; };
		C3D91B042EC2FF5F00F3D9BC /* GenerateMenuBoardUseCase.swift */ = {isa = PBXFileReference; lastKnownFileType = sourcecode.swift; path = GenerateMenuBoardUseCase.swift; sourceTree = "<group>"; };
		C3D91B082EC2FFFF00F3D9BC /* GenerateMenuBoardRequestModel1.swift */ = {isa = PBXFileReference; lastKnownFileType = sourcecode.swift; path = GenerateMenuBoardRequestModel1.swift; sourceTree = "<group>"; };
		C3D91B0A2EC3008E00F3D9BC /* Encodable+Extensions.swift */ = {isa = PBXFileReference; lastKnownFileType = sourcecode.swift; path = "Encodable+Extensions.swift"; sourceTree = "<group>"; };
		C3D91B0D2EC3036A00F3D9BC /* DIContainer.swift */ = {isa = PBXFileReference; lastKnownFileType = sourcecode.swift; path = DIContainer.swift; sourceTree = "<group>"; };
		C3D91B102EC3050500F3D9BC /* Debug.xcconfig */ = {isa = PBXFileReference; lastKnownFileType = text.xcconfig; path = Debug.xcconfig; sourceTree = "<group>"; };
		C3D91B112EC3053D00F3D9BC /* Release.xcconfig */ = {isa = PBXFileReference; lastKnownFileType = text.xcconfig; path = Release.xcconfig; sourceTree = "<group>"; };
		C3D91B142EC30C2B00F3D9BC /* AppConfig.swift */ = {isa = PBXFileReference; lastKnownFileType = sourcecode.swift; path = AppConfig.swift; sourceTree = "<group>"; };
		C3D91B172EC30F2100F3D9BC /* MenuBoardViewModel.swift */ = {isa = PBXFileReference; lastKnownFileType = sourcecode.swift; path = MenuBoardViewModel.swift; sourceTree = "<group>"; };
/* End PBXFileReference section */

/* Begin PBXFrameworksBuildPhase section */
		C3D91AAD2EC2D18000F3D9BC /* Frameworks */ = {
			isa = PBXFrameworksBuildPhase;
			buildActionMask = 2147483647;
			files = (
				C3D91ACC2EC2D55300F3D9BC /* FactoryKit in Frameworks */,
				C3D91AD12EC2D56700F3D9BC /* Alamofire in Frameworks */,
				C3D91ACE2EC2D55300F3D9BC /* FactoryTesting in Frameworks */,
				C3D91ACA2EC2D55300F3D9BC /* Factory in Frameworks */,
			);
			runOnlyForDeploymentPostprocessing = 0;
		};
/* End PBXFrameworksBuildPhase section */

/* Begin PBXGroup section */
		C3023B492EDC2D0A00F4147B /* GenerateMenuBoard */ = {
			isa = PBXGroup;
			children = (
				C3023B4A2EDC2D3200F4147B /* GenerateMenuBoardRequestModel.swift */,
			);
			path = GenerateMenuBoard;
			sourceTree = "<group>";
		};
		C3023B522EDC32CE00F4147B /* GenerateMenuBoard */ = {
			isa = PBXGroup;
			children = (
				C3023B532EDC32DA00F4147B /* CreateMenuBoardUseCase.swift */,
			);
			path = GenerateMenuBoard;
			sourceTree = "<group>";
		};
		C31D830B2EDED57A005E0AF6 /* Helper */ = {
			isa = PBXGroup;
			children = (
				C31D830C2EDED583005E0AF6 /* OverCurrentContextModifier.swift */,
			);
			path = Helper;
			sourceTree = "<group>";
		};
		C343B5A52ECDBE0B00E18ED6 /* Store */ = {
			isa = PBXGroup;
			children = (
				C343B5A62ECDBE2500E18ED6 /* CreateStoreRequestModel.swift */,
			);
			path = Store;
			sourceTree = "<group>";
		};
		C343B5AE2ECE125400E18ED6 /* Store */ = {
			isa = PBXGroup;
			children = (
				C343B5AF2ECE126300E18ED6 /* CreateStoreResponseModel.swift */,
				C343B6032ECEEA6700E18ED6 /* GetStoreResponseModel.swift */,
			);
			path = Store;
			sourceTree = "<group>";
		};
		C343B5B52ECE13DE00E18ED6 /* Store */ = {
			isa = PBXGroup;
			children = (
				C343B5B62ECE13E600E18ED6 /* CreateStoreUseCase.swift */,
			);
			path = Store;
			sourceTree = "<group>";
		};
		C343B5B82ECE13EC00E18ED6 /* MenuBoard */ = {
			isa = PBXGroup;
			children = (
				C3D91B042EC2FF5F00F3D9BC /* GenerateMenuBoardUseCase.swift */,
			);
			path = MenuBoard;
			sourceTree = "<group>";
		};
		C343B5B92ECE144D00E18ED6 /* Common */ = {
			isa = PBXGroup;
			children = (
				C3D91AF12EC2F06600F3D9BC /* MenuBoardErrorResponse.swift */,
			);
			path = Common;
			sourceTree = "<group>";
		};
		C343B5BB2ECE145C00E18ED6 /* Store */ = {
			isa = PBXGroup;
			children = (
				C343B5BC2ECE146700E18ED6 /* CreateStore.swift */,
				C343B6052ECEEAB600E18ED6 /* GetStore.swift */,
			);
			path = Store;
			sourceTree = "<group>";
		};
		C343B5C02ECE16EB00E18ED6 /* Join */ = {
			isa = PBXGroup;
			children = (
				C343B5C12ECE16F800E18ED6 /* CreateStoreViewModel.swift */,
				C343B5C32ECE170000E18ED6 /* CreateStoreView.swift */,
			);
			path = Join;
			sourceTree = "<group>";
		};
		C343B5C72ECE1B2600E18ED6 /* Validation */ = {
			isa = PBXGroup;
			children = (
				C343B5C82ECE1B3300E18ED6 /* TimeValidation.swift */,
			);
			path = Validation;
			sourceTree = "<group>";
		};
		C343B5CC2ECE1D5400E18ED6 /* Enums */ = {
			isa = PBXGroup;
			children = (
				C343B5CD2ECE1D6400E18ED6 /* CustomTextFieldType.swift */,
			);
			path = Enums;
			sourceTree = "<group>";
		};
		C343B5D02ECE269C00E18ED6 /* Fonts */ = {
			isa = PBXGroup;
			children = (
				C343B5D72ECE26EC00E18ED6 /* Pretendard-Medium.otf */,
				C343B5D52ECE26E600E18ED6 /* Pretendard-SemiBold.otf */,
				C343B5D32ECE26DD00E18ED6 /* Pretendard-Regular.otf */,
				C343B5D12ECE26CA00E18ED6 /* Pretendard-Bold.otf */,
			);
			path = Fonts;
			sourceTree = "<group>";
		};
		C343B5E42ECEDD9200E18ED6 /* Coordinator */ = {
			isa = PBXGroup;
			children = (
				C343B5E52ECEDDA500E18ED6 /* Coordinator.swift */,
				C343B5E72ECEDDBF00E18ED6 /* Destination.swift */,
			);
			path = Coordinator;
			sourceTree = "<group>";
		};
		C343B5E92ECEDE3D00E18ED6 /* Auth */ = {
			isa = PBXGroup;
			children = (
				C343B5EA2ECEDE4A00E18ED6 /* Login */,
				C343B5C02ECE16EB00E18ED6 /* Join */,
			);
			path = Auth;
			sourceTree = "<group>";
		};
		C343B5EA2ECEDE4A00E18ED6 /* Login */ = {
			isa = PBXGroup;
			children = (
				C343B5EB2ECEDE6500E18ED6 /* LoginView.swift */,
				C343B6072ECEF2E800E18ED6 /* LoginViewModel.swift */,
			);
			path = Login;
			sourceTree = "<group>";
		};
		C343B5ED2ECEDF0E00E18ED6 /* Splash */ = {
			isa = PBXGroup;
			children = (
				C343B5EE2ECEDF1A00E18ED6 /* SplashView.swift */,
				C343B5F02ECEDF2900E18ED6 /* SplashViewModel.swift */,
			);
			path = Splash;
			sourceTree = "<group>";
		};
		C343B5F22ECEE17700E18ED6 /* Member */ = {
			isa = PBXGroup;
			children = (
				C343B5F32ECEE18300E18ED6 /* LoginUseCase.swift */,
			);
			path = Member;
			sourceTree = "<group>";
		};
		C343B5F92ECEE21600E18ED6 /* Common */ = {
			isa = PBXGroup;
			children = (
				C343B5FA2ECEE22200E18ED6 /* EmptyResponse.swift */,
			);
			path = Common;
			sourceTree = "<group>";
		};
		C343B6002ECEE43000E18ED6 /* Codeit */ = {
			isa = PBXGroup;
			children = (
				C343B5FE2ECEE42900E18ED6 /* CodeitAPI.swift */,
				C343B6012ECEE43B00E18ED6 /* CodeitEndpoints.swift */,
			);
			path = Codeit;
			sourceTree = "<group>";
		};
		C38F5E4E2ED6BD4A00B749D7 /* MenuList */ = {
			isa = PBXGroup;
			children = (
				C38F5E4F2ED6BD5C00B749D7 /* MenuListResponseModel.swift */,
			);
			path = MenuList;
			sourceTree = "<group>";
		};
		C38F5E552ED6CA7E00B749D7 /* MenuList */ = {
			isa = PBXGroup;
			children = (
				C38F5E562ED6CA8700B749D7 /* MenuList.swift */,
			);
			path = MenuList;
			sourceTree = "<group>";
		};
		C38F5E582ED6D12100B749D7 /* MenuList */ = {
			isa = PBXGroup;
			children = (
				C38F5E592ED6D13700B749D7 /* GetAllMenuListUseCase.swift */,
			);
			path = MenuList;
			sourceTree = "<group>";
		};
		C38F5E5B2ED9256100B749D7 /* CreateMenuBoard */ = {
			isa = PBXGroup;
			children = (
				C38F5E722ED9446200B749D7 /* AddMenuItem */,
				C38F5E612ED92EFD00B749D7 /* CreateMenuBoardView.swift */,
				C38F5E632ED92F0400B749D7 /* CreateMenuBoardViewModel.swift */,
			);
			path = CreateMenuBoard;
			sourceTree = "<group>";
		};
		C38F5E5C2ED9257000B749D7 /* MenuBoard */ = {
			isa = PBXGroup;
			children = (
				C3D91ADD2EC2D9B900F3D9BC /* MenuBoardView.swift */,
				C3D91B172EC30F2100F3D9BC /* MenuBoardViewModel.swift */,
				C31D83022EDEC598005E0AF6 /* QRCodeView.swift */,
				C31D83092EDECE68005E0AF6 /* QRCodeViewModel.swift */,
			);
			path = MenuBoard;
			sourceTree = "<group>";
		};
		C38F5E6A2ED93AA400B749D7 /* GenerateMenuBoard */ = {
			isa = PBXGroup;
			children = (
				C38F5E702ED93FA800B749D7 /* GenerateMenuModel.swift */,
			);
			path = GenerateMenuBoard;
			sourceTree = "<group>";
		};
		C38F5E6D2ED93F7700B749D7 /* MenuBoard */ = {
			isa = PBXGroup;
			children = (
				C38F5E6E2ED93F8600B749D7 /* GenerateMenu.swift */,
			);
			path = MenuBoard;
			sourceTree = "<group>";
		};
		C38F5E722ED9446200B749D7 /* AddMenuItem */ = {
			isa = PBXGroup;
			children = (
				C38F5E732ED9446F00B749D7 /* AddMenuItemView.swift */,
				C38F5E752ED9447800B749D7 /* AddMenuItemViewModel.swift */,
			);
			path = AddMenuItem;
			sourceTree = "<group>";
		};
		C3AC82182EC6CC0200DC3B9A /* Components */ = {
			isa = PBXGroup;
			children = (
				C343B5CC2ECE1D5400E18ED6 /* Enums */,
				C3AC82192EC6CC2F00DC3B9A /* GenerateMenuBoardCardView.swift */,
				C343B5CA2ECE1D3200E18ED6 /* CustomNormalTextField.swift */,
				C343B5DC2ECE281D00E18ED6 /* CustomButton.swift */,
				C343B5E22ECE2CFB00E18ED6 /* TimeInputView.swift */,
				C3B1F6A32ED52DC600D48A25 /* TopBarView.swift */,
				C3B1F6A52ED5334200D48A25 /* CustomDialogView.swift */,
				C3B1F6A82ED58B5700D48A25 /* CustomProgressView.swift */,
				C38F5E652ED9319C00B749D7 /* MenuCardView.swift */,
			);
			path = Components;
			sourceTree = "<group>";
		};
		C3B1F6A72ED58AEE00D48A25 /* Main */ = {
			isa = PBXGroup;
			children = (
				C38F5E5C2ED9257000B749D7 /* MenuBoard */,
				C38F5E5B2ED9256100B749D7 /* CreateMenuBoard */,
				C38F5E5D2ED925CD00B749D7 /* MainView.swift */,
				C38F5E5F2ED925D400B749D7 /* MainViewModel.swift */,
			);
			path = Main;
			sourceTree = "<group>";
		};
		C3D91AA72EC2D18000F3D9BC = {
			isa = PBXGroup;
			children = (
				C3D91AC12EC2D1A200F3D9BC /* .gitignore */,
				C3D91AB22EC2D18100F3D9BC /* Generate_Menu_Image */,
				C3D91AB12EC2D18000F3D9BC /* Products */,
			);
			sourceTree = "<group>";
		};
		C3D91AB12EC2D18000F3D9BC /* Products */ = {
			isa = PBXGroup;
			children = (
				C3D91AB02EC2D18000F3D9BC /* Generate_Menu_Image.app */,
			);
			name = Products;
			sourceTree = "<group>";
		};
		C3D91AB22EC2D18100F3D9BC /* Generate_Menu_Image */ = {
			isa = PBXGroup;
			children = (
				C343B5CF2ECE265400E18ED6 /* Generate-Menu-Image-Info.plist */,
				C3D91AB32EC2D18100F3D9BC /* Generate_Menu_ImageApp.swift */,
				C3D91B0F2EC304D600F3D9BC /* Config */,
				C3D91AC62EC2D51000F3D9BC /* Application */,
				C3D91AC52EC2D50600F3D9BC /* Presentation */,
				C3D91AC42EC2D50000F3D9BC /* Domain */,
				C3D91AC32EC2D4F300F3D9BC /* Data */,
				C3D91AB92EC2D18300F3D9BC /* Preview Content */,
			);
			path = Generate_Menu_Image;
			sourceTree = "<group>";
		};
		C3D91AB92EC2D18300F3D9BC /* Preview Content */ = {
			isa = PBXGroup;
			children = (
				C3D91ABA2EC2D18300F3D9BC /* Preview Assets.xcassets */,
			);
			path = "Preview Content";
			sourceTree = "<group>";
		};
		C3D91AC32EC2D4F300F3D9BC /* Data */ = {
			isa = PBXGroup;
			children = (
				C3D91AD82EC2D5A300F3D9BC /* Repository */,
				C3D91AD62EC2D59300F3D9BC /* Entities */,
				C3D91AD42EC2D57C00F3D9BC /* Network */,
			);
			path = Data;
			sourceTree = "<group>";
		};
		C3D91AC42EC2D50000F3D9BC /* Domain */ = {
			isa = PBXGroup;
			children = (
				C3D91B032EC2FF3800F3D9BC /* UseCase */,
				C3D91AFE2EC2F5EA00F3D9BC /* Repository */,
				C3D91AED2EC2F01D00F3D9BC /* Entities */,
			);
			path = Domain;
			sourceTree = "<group>";
		};
		C3D91AC52EC2D50600F3D9BC /* Presentation */ = {
			isa = PBXGroup;
			children = (
				C3AC82182EC6CC0200DC3B9A /* Components */,
				C3D91B162EC30F1100F3D9BC /* SwiftUI */,
				C3D91ADF2EC2DBA900F3D9BC /* UIKit */,
			);
			path = Presentation;
			sourceTree = "<group>";
		};
		C3D91AC62EC2D51000F3D9BC /* Application */ = {
			isa = PBXGroup;
			children = (
				C31D830B2EDED57A005E0AF6 /* Helper */,
				C343B5E42ECEDD9200E18ED6 /* Coordinator */,
				C343B5C72ECE1B2600E18ED6 /* Validation */,
				C3D91B0C2EC3035C00F3D9BC /* Injection */,
				C3D91AE22EC2DBF900F3D9BC /* Extensions */,
				C3D91AC72EC2D52500F3D9BC /* Resources */,
				C343B5F52ECEE1B700E18ED6 /* AppContext.swift */,
			);
			path = Application;
			sourceTree = "<group>";
		};
		C3D91AC72EC2D52500F3D9BC /* Resources */ = {
			isa = PBXGroup;
			children = (
				C343B5D02ECE269C00E18ED6 /* Fonts */,
				C3D91AB72EC2D18300F3D9BC /* Assets.xcassets */,
			);
			path = Resources;
			sourceTree = "<group>";
		};
		C3D91AD42EC2D57C00F3D9BC /* Network */ = {
			isa = PBXGroup;
			children = (
				C3D91AD72EC2D59E00F3D9BC /* Common */,
				C3D91AD52EC2D58A00F3D9BC /* Menu_Board */,
				C3D91AE72EC2EF9000F3D9BC /* BaseNetworkservice.swift */,
				C3D91AE92EC2EFB900F3D9BC /* ApiError.swift */,
			);
			path = Network;
			sourceTree = "<group>";
		};
		C3D91AD52EC2D58A00F3D9BC /* Menu_Board */ = {
			isa = PBXGroup;
			children = (
				C343B6002ECEE43000E18ED6 /* Codeit */,
			);
			path = Menu_Board;
			sourceTree = "<group>";
		};
		C3D91AD62EC2D59300F3D9BC /* Entities */ = {
			isa = PBXGroup;
			children = (
				C3D91B062EC2FFC500F3D9BC /* Requests */,
				C3D91AF82EC2F30800F3D9BC /* Responses */,
				C3D91AF62EC2F27E00F3D9BC /* MenuBoardResponseWrapper.swift */,
				C3023B4E2EDC2F6F00F4147B /* CodeitEmptyResponse.swift */,
			);
			path = Entities;
			sourceTree = "<group>";
		};
		C3D91AD72EC2D59E00F3D9BC /* Common */ = {
			isa = PBXGroup;
			children = (
				C3D91AE52EC2EEC800F3D9BC /* CodeItNetworkService.swift */,
				C3D91AEB2EC2EFFB00F3D9BC /* MenuBoardNetworkError.swift */,
				C3D91ADB2EC2D6C400F3D9BC /* EndPoint.swift */,
			);
			path = Common;
			sourceTree = "<group>";
		};
		C3D91AD82EC2D5A300F3D9BC /* Repository */ = {
			isa = PBXGroup;
			children = (
				C3D91B012EC2F6DF00F3D9BC /* MenuBoardRepositoryIMPL.swift */,
				C343B5B32ECE133E00E18ED6 /* StoreRepositoryIMPL.swift */,
				C38F5E532ED6C2FD00B749D7 /* MenuListRepositoryIMPL.swift */,
				C3023B502EDC2FFE00F4147B /* GenerateMenuBoardRepositoryIMPL.swift */,
			);
			path = Repository;
			sourceTree = "<group>";
		};
		C3D91ADF2EC2DBA900F3D9BC /* UIKit */ = {
			isa = PBXGroup;
			children = (
				C3D91AE02EC2DBB600F3D9BC /* CustomNavigationController.swift */,
			);
			path = UIKit;
			sourceTree = "<group>";
		};
		C3D91AE22EC2DBF900F3D9BC /* Extensions */ = {
			isa = PBXGroup;
			children = (
				C3D91AE32EC2DC0200F3D9BC /* Color+Extensions.swift */,
				C3D91B0A2EC3008E00F3D9BC /* Encodable+Extensions.swift */,
				C343B5BE2ECE151000E18ED6 /* Date+Extensions.swift */,
				C343B5C52ECE187200E18ED6 /* String+Extension.swift */,
				C343B5DA2ECE272800E18ED6 /* Font+Extensions.swift */,
				C343B5DE2ECE298800E18ED6 /* View+Extensions.swift */,
				C343B5E02ECE29B200E18ED6 /* UIApplication+Extensions.swift */,
				C38F5E672ED9386300B749D7 /* Collection+Extensions.swift */,
			);
			path = Extensions;
			sourceTree = "<group>";
		};
		C3D91AED2EC2F01D00F3D9BC /* Entities */ = {
			isa = PBXGroup;
			children = (
				C3D91AF02EC2F05600F3D9BC /* Responses */,
				C3D91AEE2EC2F02800F3D9BC /* NetworkError.swift */,
			);
			path = Entities;
			sourceTree = "<group>";
		};
		C3D91AF02EC2F05600F3D9BC /* Responses */ = {
			isa = PBXGroup;
			children = (
				C38F5E6A2ED93AA400B749D7 /* GenerateMenuBoard */,
				C38F5E6D2ED93F7700B749D7 /* MenuBoard */,
				C38F5E552ED6CA7E00B749D7 /* MenuList */,
				C343B5BB2ECE145C00E18ED6 /* Store */,
				C343B5B92ECE144D00E18ED6 /* Common */,
			);
			path = Responses;
			sourceTree = "<group>";
		};
		C3D91AF82EC2F30800F3D9BC /* Responses */ = {
			isa = PBXGroup;
			children = (
				C38F5E4E2ED6BD4A00B749D7 /* MenuList */,
				C343B5F92ECEE21600E18ED6 /* Common */,
				C343B5AE2ECE125400E18ED6 /* Store */,
				C3D91AF92EC2F31200F3D9BC /* MenuBoard */,
			);
			path = Responses;
			sourceTree = "<group>";
		};
		C3D91AF92EC2F31200F3D9BC /* MenuBoard */ = {
			isa = PBXGroup;
			children = (
				C3D91AFA2EC2F32F00F3D9BC /* GenerateMenuResponseModel.swift */,
			);
			path = MenuBoard;
			sourceTree = "<group>";
		};
		C3D91AFE2EC2F5EA00F3D9BC /* Repository */ = {
			isa = PBXGroup;
			children = (
				C3D91AFF2EC2F5F700F3D9BC /* MenuBoardRepository.swift */,
				C343B5B12ECE131600E18ED6 /* StoreRepository.swift */,
				C38F5E512ED6C26100B749D7 /* MenuListRepository.swift */,
				C3023B4C2EDC2E0F00F4147B /* GenerateMenuBoardRepository.swift */,
			);
			path = Repository;
			sourceTree = "<group>";
		};
		C3D91B032EC2FF3800F3D9BC /* UseCase */ = {
			isa = PBXGroup;
			children = (
				C3023B522EDC32CE00F4147B /* GenerateMenuBoard */,
				C38F5E582ED6D12100B749D7 /* MenuList */,
				C343B5F22ECEE17700E18ED6 /* Member */,
				C343B5B82ECE13EC00E18ED6 /* MenuBoard */,
				C343B5B52ECE13DE00E18ED6 /* Store */,
			);
			path = UseCase;
			sourceTree = "<group>";
		};
		C3D91B062EC2FFC500F3D9BC /* Requests */ = {
			isa = PBXGroup;
			children = (
				C3023B492EDC2D0A00F4147B /* GenerateMenuBoard */,
				C343B5A52ECDBE0B00E18ED6 /* Store */,
				C3D91B072EC2FFD300F3D9BC /* MenuBoard */,
			);
			path = Requests;
			sourceTree = "<group>";
		};
		C3D91B072EC2FFD300F3D9BC /* MenuBoard */ = {
			isa = PBXGroup;
			children = (
				C3D91B082EC2FFFF00F3D9BC /* GenerateMenuBoardRequestModel1.swift */,
			);
			path = MenuBoard;
			sourceTree = "<group>";
		};
		C3D91B0C2EC3035C00F3D9BC /* Injection */ = {
			isa = PBXGroup;
			children = (
				C3D91B0D2EC3036A00F3D9BC /* DIContainer.swift */,
			);
			path = Injection;
			sourceTree = "<group>";
		};
		C3D91B0F2EC304D600F3D9BC /* Config */ = {
			isa = PBXGroup;
			children = (
				C3D91B102EC3050500F3D9BC /* Debug.xcconfig */,
				C3D91B112EC3053D00F3D9BC /* Release.xcconfig */,
				C3D91B142EC30C2B00F3D9BC /* AppConfig.swift */,
			);
			path = Config;
			sourceTree = "<group>";
		};
		C3D91B162EC30F1100F3D9BC /* SwiftUI */ = {
			isa = PBXGroup;
			children = (
				C3B1F6A72ED58AEE00D48A25 /* Main */,
				C343B5ED2ECEDF0E00E18ED6 /* Splash */,
				C343B5E92ECEDE3D00E18ED6 /* Auth */,
			);
			path = SwiftUI;
			sourceTree = "<group>";
		};
/* End PBXGroup section */

/* Begin PBXNativeTarget section */
		C3D91AAF2EC2D18000F3D9BC /* Generate_Menu_Image */ = {
			isa = PBXNativeTarget;
			buildConfigurationList = C3D91ABE2EC2D18300F3D9BC /* Build configuration list for PBXNativeTarget "Generate_Menu_Image" */;
			buildPhases = (
				C3D91AAC2EC2D18000F3D9BC /* Sources */,
				C3D91AAD2EC2D18000F3D9BC /* Frameworks */,
				C3D91AAE2EC2D18000F3D9BC /* Resources */,
				C38F5E4D2ED5923A00B749D7 /* Embed Frameworks */,
			);
			buildRules = (
			);
			dependencies = (
			);
			name = Generate_Menu_Image;
			packageProductDependencies = (
				C3D91AC92EC2D55300F3D9BC /* Factory */,
				C3D91ACB2EC2D55300F3D9BC /* FactoryKit */,
				C3D91ACD2EC2D55300F3D9BC /* FactoryTesting */,
				C3D91AD02EC2D56700F3D9BC /* Alamofire */,
			);
			productName = Generate_Menu_Image;
			productReference = C3D91AB02EC2D18000F3D9BC /* Generate_Menu_Image.app */;
			productType = "com.apple.product-type.application";
		};
/* End PBXNativeTarget section */

/* Begin PBXProject section */
		C3D91AA82EC2D18000F3D9BC /* Project object */ = {
			isa = PBXProject;
			attributes = {
				BuildIndependentTargetsInParallel = 1;
				LastSwiftUpdateCheck = 1530;
				LastUpgradeCheck = 1530;
				TargetAttributes = {
					C3D91AAF2EC2D18000F3D9BC = {
						CreatedOnToolsVersion = 15.3;
					};
				};
			};
			buildConfigurationList = C3D91AAB2EC2D18000F3D9BC /* Build configuration list for PBXProject "Generate_Menu_Image" */;
			compatibilityVersion = "Xcode 14.0";
			developmentRegion = en;
			hasScannedForEncodings = 0;
			knownRegions = (
				en,
				Base,
			);
			mainGroup = C3D91AA72EC2D18000F3D9BC;
			packageReferences = (
				C3D91AC82EC2D55300F3D9BC /* XCRemoteSwiftPackageReference "Factory" */,
				C3D91ACF2EC2D56700F3D9BC /* XCRemoteSwiftPackageReference "Alamofire" */,
			);
			productRefGroup = C3D91AB12EC2D18000F3D9BC /* Products */;
			projectDirPath = "";
			projectRoot = "";
			targets = (
				C3D91AAF2EC2D18000F3D9BC /* Generate_Menu_Image */,
			);
		};
/* End PBXProject section */

/* Begin PBXResourcesBuildPhase section */
		C3D91AAE2EC2D18000F3D9BC /* Resources */ = {
			isa = PBXResourcesBuildPhase;
			buildActionMask = 2147483647;
			files = (
				C343B5D82ECE26EC00E18ED6 /* Pretendard-Medium.otf in Resources */,
				C3D91ABB2EC2D18300F3D9BC /* Preview Assets.xcassets in Resources */,
				C343B5D22ECE26CA00E18ED6 /* Pretendard-Bold.otf in Resources */,
				C343B5D42ECE26DD00E18ED6 /* Pretendard-Regular.otf in Resources */,
				C343B5D62ECE26E600E18ED6 /* Pretendard-SemiBold.otf in Resources */,
				C3D91AC22EC2D1A200F3D9BC /* .gitignore in Resources */,
				C3D91AB82EC2D18300F3D9BC /* Assets.xcassets in Resources */,
			);
			runOnlyForDeploymentPostprocessing = 0;
		};
/* End PBXResourcesBuildPhase section */

/* Begin PBXSourcesBuildPhase section */
		C3D91AAC2EC2D18000F3D9BC /* Sources */ = {
			isa = PBXSourcesBuildPhase;
			buildActionMask = 2147483647;
			files = (
				C3023B4B2EDC2D3200F4147B /* GenerateMenuBoardRequestModel.swift in Sources */,
				C3D91AE62EC2EEC800F3D9BC /* CodeItNetworkService.swift in Sources */,
				C38F5E5E2ED925CD00B749D7 /* MainView.swift in Sources */,
				C31D83032EDEC598005E0AF6 /* QRCodeView.swift in Sources */,
				C38F5E5A2ED6D13700B749D7 /* GetAllMenuListUseCase.swift in Sources */,
				C3D91AF22EC2F06600F3D9BC /* MenuBoardErrorResponse.swift in Sources */,
				C3D91B002EC2F5F700F3D9BC /* MenuBoardRepository.swift in Sources */,
				C343B5E32ECE2CFB00E18ED6 /* TimeInputView.swift in Sources */,
				C3D91AB42EC2D18100F3D9BC /* Generate_Menu_ImageApp.swift in Sources */,
				C3D91AE82EC2EF9000F3D9BC /* BaseNetworkservice.swift in Sources */,
				C343B5DF2ECE298800E18ED6 /* View+Extensions.swift in Sources */,
				C31D830D2EDED583005E0AF6 /* OverCurrentContextModifier.swift in Sources */,
				C3D91AF72EC2F27E00F3D9BC /* MenuBoardResponseWrapper.swift in Sources */,
				C343B6082ECEF2E800E18ED6 /* LoginViewModel.swift in Sources */,
				C3D91AE12EC2DBB600F3D9BC /* CustomNavigationController.swift in Sources */,
				C343B5F62ECEE1B700E18ED6 /* AppContext.swift in Sources */,
				C3D91ADC2EC2D6C400F3D9BC /* EndPoint.swift in Sources */,
				C38F5E572ED6CA8700B749D7 /* MenuList.swift in Sources */,
				C343B5C42ECE170000E18ED6 /* CreateStoreView.swift in Sources */,
				C3023B542EDC32DA00F4147B /* CreateMenuBoardUseCase.swift in Sources */,
				C38F5E662ED9319C00B749D7 /* MenuCardView.swift in Sources */,
				C3D91AFB2EC2F32F00F3D9BC /* GenerateMenuResponseModel.swift in Sources */,
				C343B5A72ECDBE2500E18ED6 /* CreateStoreRequestModel.swift in Sources */,
				C3B1F6A62ED5334200D48A25 /* CustomDialogView.swift in Sources */,
				C3D91B152EC30C2B00F3D9BC /* AppConfig.swift in Sources */,
				C343B6042ECEEA6700E18ED6 /* GetStoreResponseModel.swift in Sources */,
				C3D91AEA2EC2EFB900F3D9BC /* ApiError.swift in Sources */,
				C3D91ADE2EC2D9B900F3D9BC /* MenuBoardView.swift in Sources */,
				C343B5E82ECEDDBF00E18ED6 /* Destination.swift in Sources */,
				C3AC821A2EC6CC2F00DC3B9A /* GenerateMenuBoardCardView.swift in Sources */,
				C3D91AEC2EC2EFFB00F3D9BC /* MenuBoardNetworkError.swift in Sources */,
				C3D91B0E2EC3036B00F3D9BC /* DIContainer.swift in Sources */,
				C3D91B022EC2F6DF00F3D9BC /* MenuBoardRepositoryIMPL.swift in Sources */,
				C343B5F42ECEE18300E18ED6 /* LoginUseCase.swift in Sources */,
				C343B5CE2ECE1D6400E18ED6 /* CustomTextFieldType.swift in Sources */,
				C343B5BD2ECE146700E18ED6 /* CreateStore.swift in Sources */,
				C3023B4D2EDC2E0F00F4147B /* GenerateMenuBoardRepository.swift in Sources */,
				C343B5E12ECE29B200E18ED6 /* UIApplication+Extensions.swift in Sources */,
				C38F5E502ED6BD5C00B749D7 /* MenuListResponseModel.swift in Sources */,
				C343B5FF2ECEE42900E18ED6 /* CodeitAPI.swift in Sources */,
				C38F5E622ED92EFD00B749D7 /* CreateMenuBoardView.swift in Sources */,
				C343B5F12ECEDF2900E18ED6 /* SplashViewModel.swift in Sources */,
				C38F5E522ED6C26100B749D7 /* MenuListRepository.swift in Sources */,
				C3B1F6A42ED52DC600D48A25 /* TopBarView.swift in Sources */,
				C343B5CB2ECE1D3200E18ED6 /* CustomNormalTextField.swift in Sources */,
				C343B6022ECEE43B00E18ED6 /* CodeitEndpoints.swift in Sources */,
				C343B5FB2ECEE22200E18ED6 /* EmptyResponse.swift in Sources */,
				C3B1F6A92ED58B5700D48A25 /* CustomProgressView.swift in Sources */,
				C38F5E642ED92F0400B749D7 /* CreateMenuBoardViewModel.swift in Sources */,
				C38F5E542ED6C2FD00B749D7 /* MenuListRepositoryIMPL.swift in Sources */,
				C343B5DB2ECE272800E18ED6 /* Font+Extensions.swift in Sources */,
				C3D91AEF2EC2F02800F3D9BC /* NetworkError.swift in Sources */,
				C3023B512EDC2FFE00F4147B /* GenerateMenuBoardRepositoryIMPL.swift in Sources */,
				C343B5C92ECE1B3300E18ED6 /* TimeValidation.swift in Sources */,
				C343B5EC2ECEDE6500E18ED6 /* LoginView.swift in Sources */,
				C343B5B22ECE131600E18ED6 /* StoreRepository.swift in Sources */,
				C38F5E712ED93FA800B749D7 /* GenerateMenuModel.swift in Sources */,
				C3D91B092EC2FFFF00F3D9BC /* GenerateMenuBoardRequestModel1.swift in Sources */,
				C343B5B02ECE126300E18ED6 /* CreateStoreResponseModel.swift in Sources */,
				C343B5C22ECE16F800E18ED6 /* CreateStoreViewModel.swift in Sources */,
				C343B5BF2ECE151000E18ED6 /* Date+Extensions.swift in Sources */,
				C343B5DD2ECE281D00E18ED6 /* CustomButton.swift in Sources */,
				C3D91B0B2EC3008E00F3D9BC /* Encodable+Extensions.swift in Sources */,
				C31D830A2EDECE68005E0AF6 /* QRCodeViewModel.swift in Sources */,
				C343B5B42ECE133E00E18ED6 /* StoreRepositoryIMPL.swift in Sources */,
				C38F5E762ED9447800B749D7 /* AddMenuItemViewModel.swift in Sources */,
				C3D91B052EC2FF5F00F3D9BC /* GenerateMenuBoardUseCase.swift in Sources */,
				C38F5E682ED9386300B749D7 /* Collection+Extensions.swift in Sources */,
				C343B6062ECEEAB600E18ED6 /* GetStore.swift in Sources */,
				C343B5E62ECEDDA500E18ED6 /* Coordinator.swift in Sources */,
				C38F5E742ED9446F00B749D7 /* AddMenuItemView.swift in Sources */,
				C38F5E6F2ED93F8600B749D7 /* GenerateMenu.swift in Sources */,
				C3D91AE42EC2DC0200F3D9BC /* Color+Extensions.swift in Sources */,
				C343B5B72ECE13E600E18ED6 /* CreateStoreUseCase.swift in Sources */,
				C343B5C62ECE187200E18ED6 /* String+Extension.swift in Sources */,
				C3D91B182EC30F2100F3D9BC /* MenuBoardViewModel.swift in Sources */,
				C343B5EF2ECEDF1A00E18ED6 /* SplashView.swift in Sources */,
				C3023B4F2EDC2F6F00F4147B /* CodeitEmptyResponse.swift in Sources */,
				C38F5E602ED925D400B749D7 /* MainViewModel.swift in Sources */,
			);
			runOnlyForDeploymentPostprocessing = 0;
		};
/* End PBXSourcesBuildPhase section */

/* Begin XCBuildConfiguration section */
		C3D91ABC2EC2D18300F3D9BC /* Debug */ = {
			isa = XCBuildConfiguration;
			baseConfigurationReference = C3D91B102EC3050500F3D9BC /* Debug.xcconfig */;
			buildSettings = {
				ALWAYS_SEARCH_USER_PATHS = NO;
				ASSETCATALOG_COMPILER_GENERATE_SWIFT_ASSET_SYMBOL_EXTENSIONS = YES;
				CLANG_ANALYZER_NONNULL = YES;
				CLANG_ANALYZER_NUMBER_OBJECT_CONVERSION = YES_AGGRESSIVE;
				CLANG_CXX_LANGUAGE_STANDARD = "gnu++20";
				CLANG_ENABLE_MODULES = YES;
				CLANG_ENABLE_OBJC_ARC = YES;
				CLANG_ENABLE_OBJC_WEAK = YES;
				CLANG_WARN_BLOCK_CAPTURE_AUTORELEASING = YES;
				CLANG_WARN_BOOL_CONVERSION = YES;
				CLANG_WARN_COMMA = YES;
				CLANG_WARN_CONSTANT_CONVERSION = YES;
				CLANG_WARN_DEPRECATED_OBJC_IMPLEMENTATIONS = YES;
				CLANG_WARN_DIRECT_OBJC_ISA_USAGE = YES_ERROR;
				CLANG_WARN_DOCUMENTATION_COMMENTS = YES;
				CLANG_WARN_EMPTY_BODY = YES;
				CLANG_WARN_ENUM_CONVERSION = YES;
				CLANG_WARN_INFINITE_RECURSION = YES;
				CLANG_WARN_INT_CONVERSION = YES;
				CLANG_WARN_NON_LITERAL_NULL_CONVERSION = YES;
				CLANG_WARN_OBJC_IMPLICIT_RETAIN_SELF = YES;
				CLANG_WARN_OBJC_LITERAL_CONVERSION = YES;
				CLANG_WARN_OBJC_ROOT_CLASS = YES_ERROR;
				CLANG_WARN_QUOTED_INCLUDE_IN_FRAMEWORK_HEADER = YES;
				CLANG_WARN_RANGE_LOOP_ANALYSIS = YES;
				CLANG_WARN_STRICT_PROTOTYPES = YES;
				CLANG_WARN_SUSPICIOUS_MOVE = YES;
				CLANG_WARN_UNGUARDED_AVAILABILITY = YES_AGGRESSIVE;
				CLANG_WARN_UNREACHABLE_CODE = YES;
				CLANG_WARN__DUPLICATE_METHOD_MATCH = YES;
				COPY_PHASE_STRIP = NO;
				DEBUG_INFORMATION_FORMAT = dwarf;
				ENABLE_STRICT_OBJC_MSGSEND = YES;
				ENABLE_TESTABILITY = YES;
				ENABLE_USER_SCRIPT_SANDBOXING = YES;
				GCC_C_LANGUAGE_STANDARD = gnu17;
				GCC_DYNAMIC_NO_PIC = NO;
				GCC_NO_COMMON_BLOCKS = YES;
				GCC_OPTIMIZATION_LEVEL = 0;
				GCC_PREPROCESSOR_DEFINITIONS = (
					"DEBUG=1",
					"$(inherited)",
				);
				GCC_WARN_64_TO_32_BIT_CONVERSION = YES;
				GCC_WARN_ABOUT_RETURN_TYPE = YES_ERROR;
				GCC_WARN_UNDECLARED_SELECTOR = YES;
				GCC_WARN_UNINITIALIZED_AUTOS = YES_AGGRESSIVE;
				GCC_WARN_UNUSED_FUNCTION = YES;
				GCC_WARN_UNUSED_VARIABLE = YES;
				IPHONEOS_DEPLOYMENT_TARGET = 17.4;
				LOCALIZATION_PREFERS_STRING_CATALOGS = YES;
				MTL_ENABLE_DEBUG_INFO = INCLUDE_SOURCE;
				MTL_FAST_MATH = YES;
				ONLY_ACTIVE_ARCH = YES;
				SDKROOT = iphoneos;
				SWIFT_ACTIVE_COMPILATION_CONDITIONS = "DEBUG $(inherited)";
				SWIFT_OPTIMIZATION_LEVEL = "-Onone";
			};
			name = Debug;
		};
		C3D91ABD2EC2D18300F3D9BC /* Release */ = {
			isa = XCBuildConfiguration;
			baseConfigurationReference = C3D91B112EC3053D00F3D9BC /* Release.xcconfig */;
			buildSettings = {
				ALWAYS_SEARCH_USER_PATHS = NO;
				ASSETCATALOG_COMPILER_GENERATE_SWIFT_ASSET_SYMBOL_EXTENSIONS = YES;
				CLANG_ANALYZER_NONNULL = YES;
				CLANG_ANALYZER_NUMBER_OBJECT_CONVERSION = YES_AGGRESSIVE;
				CLANG_CXX_LANGUAGE_STANDARD = "gnu++20";
				CLANG_ENABLE_MODULES = YES;
				CLANG_ENABLE_OBJC_ARC = YES;
				CLANG_ENABLE_OBJC_WEAK = YES;
				CLANG_WARN_BLOCK_CAPTURE_AUTORELEASING = YES;
				CLANG_WARN_BOOL_CONVERSION = YES;
				CLANG_WARN_COMMA = YES;
				CLANG_WARN_CONSTANT_CONVERSION = YES;
				CLANG_WARN_DEPRECATED_OBJC_IMPLEMENTATIONS = YES;
				CLANG_WARN_DIRECT_OBJC_ISA_USAGE = YES_ERROR;
				CLANG_WARN_DOCUMENTATION_COMMENTS = YES;
				CLANG_WARN_EMPTY_BODY = YES;
				CLANG_WARN_ENUM_CONVERSION = YES;
				CLANG_WARN_INFINITE_RECURSION = YES;
				CLANG_WARN_INT_CONVERSION = YES;
				CLANG_WARN_NON_LITERAL_NULL_CONVERSION = YES;
				CLANG_WARN_OBJC_IMPLICIT_RETAIN_SELF = YES;
				CLANG_WARN_OBJC_LITERAL_CONVERSION = YES;
				CLANG_WARN_OBJC_ROOT_CLASS = YES_ERROR;
				CLANG_WARN_QUOTED_INCLUDE_IN_FRAMEWORK_HEADER = YES;
				CLANG_WARN_RANGE_LOOP_ANALYSIS = YES;
				CLANG_WARN_STRICT_PROTOTYPES = YES;
				CLANG_WARN_SUSPICIOUS_MOVE = YES;
				CLANG_WARN_UNGUARDED_AVAILABILITY = YES_AGGRESSIVE;
				CLANG_WARN_UNREACHABLE_CODE = YES;
				CLANG_WARN__DUPLICATE_METHOD_MATCH = YES;
				COPY_PHASE_STRIP = NO;
				DEBUG_INFORMATION_FORMAT = "dwarf-with-dsym";
				ENABLE_NS_ASSERTIONS = NO;
				ENABLE_STRICT_OBJC_MSGSEND = YES;
				ENABLE_USER_SCRIPT_SANDBOXING = YES;
				GCC_C_LANGUAGE_STANDARD = gnu17;
				GCC_NO_COMMON_BLOCKS = YES;
				GCC_WARN_64_TO_32_BIT_CONVERSION = YES;
				GCC_WARN_ABOUT_RETURN_TYPE = YES_ERROR;
				GCC_WARN_UNDECLARED_SELECTOR = YES;
				GCC_WARN_UNINITIALIZED_AUTOS = YES_AGGRESSIVE;
				GCC_WARN_UNUSED_FUNCTION = YES;
				GCC_WARN_UNUSED_VARIABLE = YES;
				IPHONEOS_DEPLOYMENT_TARGET = 17.4;
				LOCALIZATION_PREFERS_STRING_CATALOGS = YES;
				MTL_ENABLE_DEBUG_INFO = NO;
				MTL_FAST_MATH = YES;
				SDKROOT = iphoneos;
				SWIFT_COMPILATION_MODE = wholemodule;
				VALIDATE_PRODUCT = YES;
			};
			name = Release;
		};
		C3D91ABF2EC2D18300F3D9BC /* Debug */ = {
			isa = XCBuildConfiguration;
			baseConfigurationReference = C3D91B102EC3050500F3D9BC /* Debug.xcconfig */;
			buildSettings = {
				ASSETCATALOG_COMPILER_APPICON_NAME = AppIcon;
				ASSETCATALOG_COMPILER_GLOBAL_ACCENT_COLOR_NAME = AccentColor;
				CODE_SIGN_STYLE = Automatic;
				CURRENT_PROJECT_VERSION = 1;
				DEVELOPMENT_ASSET_PATHS = "\"Generate_Menu_Image/Preview Content\"";
				DEVELOPMENT_TEAM = 48S4T8HCYX;
				ENABLE_PREVIEWS = YES;
				GENERATE_INFOPLIST_FILE = YES;
				INFOPLIST_FILE = "Generate-Menu-Image-Info.plist";
				INFOPLIST_KEY_UIApplicationSceneManifest_Generation = YES;
				INFOPLIST_KEY_UIApplicationSupportsIndirectInputEvents = YES;
				INFOPLIST_KEY_UILaunchScreen_Generation = YES;
				INFOPLIST_KEY_UISupportedInterfaceOrientations_iPad = "UIInterfaceOrientationPortrait UIInterfaceOrientationPortraitUpsideDown UIInterfaceOrientationLandscapeLeft UIInterfaceOrientationLandscapeRight";
				INFOPLIST_KEY_UISupportedInterfaceOrientations_iPhone = "UIInterfaceOrientationPortrait UIInterfaceOrientationLandscapeLeft UIInterfaceOrientationLandscapeRight";
				LD_RUNPATH_SEARCH_PATHS = (
					"$(inherited)",
					"@executable_path/Frameworks",
				);
				MARKETING_VERSION = 1.0;
				PRODUCT_BUNDLE_IDENTIFIER = "com.jun.Generate-Menu-Image";
				PRODUCT_NAME = "$(TARGET_NAME)";
				SWIFT_EMIT_LOC_STRINGS = YES;
				SWIFT_VERSION = 5.0;
				TARGETED_DEVICE_FAMILY = "1,2";
			};
			name = Debug;
		};
		C3D91AC02EC2D18300F3D9BC /* Release */ = {
			isa = XCBuildConfiguration;
			baseConfigurationReference = C3D91B112EC3053D00F3D9BC /* Release.xcconfig */;
			buildSettings = {
				ASSETCATALOG_COMPILER_APPICON_NAME = AppIcon;
				ASSETCATALOG_COMPILER_GLOBAL_ACCENT_COLOR_NAME = AccentColor;
				CODE_SIGN_STYLE = Automatic;
				CURRENT_PROJECT_VERSION = 1;
				DEVELOPMENT_ASSET_PATHS = "\"Generate_Menu_Image/Preview Content\"";
				DEVELOPMENT_TEAM = 48S4T8HCYX;
				ENABLE_PREVIEWS = YES;
				GENERATE_INFOPLIST_FILE = YES;
				INFOPLIST_FILE = "Generate-Menu-Image-Info.plist";
				INFOPLIST_KEY_UIApplicationSceneManifest_Generation = YES;
				INFOPLIST_KEY_UIApplicationSupportsIndirectInputEvents = YES;
				INFOPLIST_KEY_UILaunchScreen_Generation = YES;
				INFOPLIST_KEY_UISupportedInterfaceOrientations_iPad = "UIInterfaceOrientationPortrait UIInterfaceOrientationPortraitUpsideDown UIInterfaceOrientationLandscapeLeft UIInterfaceOrientationLandscapeRight";
				INFOPLIST_KEY_UISupportedInterfaceOrientations_iPhone = "UIInterfaceOrientationPortrait UIInterfaceOrientationLandscapeLeft UIInterfaceOrientationLandscapeRight";
				LD_RUNPATH_SEARCH_PATHS = (
					"$(inherited)",
					"@executable_path/Frameworks",
				);
				MARKETING_VERSION = 1.0;
				PRODUCT_BUNDLE_IDENTIFIER = "com.jun.Generate-Menu-Image";
				PRODUCT_NAME = "$(TARGET_NAME)";
				SWIFT_EMIT_LOC_STRINGS = YES;
				SWIFT_VERSION = 5.0;
				TARGETED_DEVICE_FAMILY = "1,2";
			};
			name = Release;
		};
/* End XCBuildConfiguration section */

/* Begin XCConfigurationList section */
		C3D91AAB2EC2D18000F3D9BC /* Build configuration list for PBXProject "Generate_Menu_Image" */ = {
			isa = XCConfigurationList;
			buildConfigurations = (
				C3D91ABC2EC2D18300F3D9BC /* Debug */,
				C3D91ABD2EC2D18300F3D9BC /* Release */,
			);
			defaultConfigurationIsVisible = 0;
			defaultConfigurationName = Debug;
		};
		C3D91ABE2EC2D18300F3D9BC /* Build configuration list for PBXNativeTarget "Generate_Menu_Image" */ = {
			isa = XCConfigurationList;
			buildConfigurations = (
				C3D91ABF2EC2D18300F3D9BC /* Debug */,
				C3D91AC02EC2D18300F3D9BC /* Release */,
			);
			defaultConfigurationIsVisible = 0;
			defaultConfigurationName = Debug;
		};
/* End XCConfigurationList section */

/* Begin XCRemoteSwiftPackageReference section */
		C3D91AC82EC2D55300F3D9BC /* XCRemoteSwiftPackageReference "Factory" */ = {
			isa = XCRemoteSwiftPackageReference;
			repositoryURL = "https://github.com/hmlongco/Factory";
			requirement = {
				kind = exactVersion;
				version = 2.5.3;
			};
		};
		C3D91ACF2EC2D56700F3D9BC /* XCRemoteSwiftPackageReference "Alamofire" */ = {
			isa = XCRemoteSwiftPackageReference;
			repositoryURL = "https://github.com/Alamofire/Alamofire.git";
			requirement = {
				kind = exactVersion;
				version = 5.10.2;
			};
		};
/* End XCRemoteSwiftPackageReference section */

/* Begin XCSwiftPackageProductDependency section */
		C3D91AC92EC2D55300F3D9BC /* Factory */ = {
			isa = XCSwiftPackageProductDependency;
			package = C3D91AC82EC2D55300F3D9BC /* XCRemoteSwiftPackageReference "Factory" */;
			productName = Factory;
		};
		C3D91ACB2EC2D55300F3D9BC /* FactoryKit */ = {
			isa = XCSwiftPackageProductDependency;
			package = C3D91AC82EC2D55300F3D9BC /* XCRemoteSwiftPackageReference "Factory" */;
			productName = FactoryKit;
		};
		C3D91ACD2EC2D55300F3D9BC /* FactoryTesting */ = {
			isa = XCSwiftPackageProductDependency;
			package = C3D91AC82EC2D55300F3D9BC /* XCRemoteSwiftPackageReference "Factory" */;
			productName = FactoryTesting;
		};
		C3D91AD02EC2D56700F3D9BC /* Alamofire */ = {
			isa = XCSwiftPackageProductDependency;
			package = C3D91ACF2EC2D56700F3D9BC /* XCRemoteSwiftPackageReference "Alamofire" */;
			productName = Alamofire;
		};
/* End XCSwiftPackageProductDependency section */
	};
	rootObject = C3D91AA82EC2D18000F3D9BC /* Project object */;
}
